
Microsoft Visual Studio Solution File, Format Version 12.00
# Visual Studio Version 16
VisualStudioVersion = 16.0.30804.86
MinimumVisualStudioVersion = 10.0.40219.1
Project("{FAE04EC0-301F-11D3-BF4B-00C04F79EFBC}") = "MicroRestaurant", "MicroRestaurant\MicroRestaurant.csproj", "{5B53D7DD-6268-454C-A2BA-043D10EE4347}"
EndProject
Project("{FAE04EC0-301F-11D3-BF4B-00C04F79EFBC}") = "Bartender", "Bartender\Bartender.csproj", "{539EE733-A2C7-4950-B193-ED1C2A78C63C}"
EndProject
Project("{FAE04EC0-301F-11D3-BF4B-00C04F79EFBC}") = "BusBoy", "BusBoy\BusBoy.csproj", "{3616DC81-FCD7-4346-9E0B-6CC771F5B382}"
EndProject
Project("{FAE04EC0-301F-11D3-BF4B-00C04F79EFBC}") = "Hostess", "Hostess\Hostess.csproj", "{13E0547C-8556-49E2-AAB6-70C6856B942D}"
EndProject
Project("{FAE04EC0-301F-11D3-BF4B-00C04F79EFBC}") = "Kitchen", "Kitchen\Kitchen.csproj", "{D8DF08FB-9602-4EC9-BB27-A9DB0673607B}"
EndProject
Project("{FAE04EC0-301F-11D3-BF4B-00C04F79EFBC}") = "Waiter", "Waiter\Waiter.csproj", "{24D893E4-F062-4C63-BFAA-7C932130DE24}"
EndProject
Project("{FAE04EC0-301F-11D3-BF4B-00C04F79EFBC}") = "MicroRestaurantDTO", "MicroRestaurantDTO\MicroRestaurantDTO.csproj", "{B02499A5-59EE-4E25-8B98-1D7DEF865ADE}"
EndProject
Project("{E53339B2-1760-4266-BCC7-CA923CBCF16C}") = "docker-compose", "docker-compose.dcproj", "{8562652C-73D2-4C1B-B4C2-54232F5386C4}"
EndProject
Global
	GlobalSection(SolutionConfigurationPlatforms) = preSolution
		Debug|Any CPU = Debug|Any CPU
		Release|Any CPU = Release|Any CPU
	EndGlobalSection
	GlobalSection(ProjectConfigurationPlatforms) = postSolution
		{5B53D7DD-6268-454C-A2BA-043D10EE4347}.Debug|Any CPU.ActiveCfg = Debug|Any CPU
		{5B53D7DD-6268-454C-A2BA-043D10EE4347}.Debug|Any CPU.Build.0 = Debug|Any CPU
		{5B53D7DD-6268-454C-A2BA-043D10EE4347}.Release|Any CPU.ActiveCfg = Release|Any CPU
		{5B53D7DD-6268-454C-A2BA-043D10EE4347}.Release|Any CPU.Build.0 = Release|Any CPU
		{539EE733-A2C7-4950-B193-ED1C2A78C63C}.Debug|Any CPU.ActiveCfg = Debug|Any CPU
		{539EE733-A2C7-4950-B193-ED1C2A78C63C}.Debug|Any CPU.Build.0 = Debug|Any CPU
		{539EE733-A2C7-4950-B193-ED1C2A78C63C}.Release|Any CPU.ActiveCfg = Release|Any CPU
		{539EE733-A2C7-4950-B193-ED1C2A78C63C}.Release|Any CPU.Build.0 = Release|Any CPU
		{3616DC81-FCD7-4346-9E0B-6CC771F5B382}.Debug|Any CPU.ActiveCfg = Debug|Any CPU
		{3616DC81-FCD7-4346-9E0B-6CC771F5B382}.Debug|Any CPU.Build.0 = Debug|Any CPU
		{3616DC81-FCD7-4346-9E0B-6CC771F5B382}.Release|Any CPU.ActiveCfg = Release|Any CPU
		{3616DC81-FCD7-4346-9E0B-6CC771F5B382}.Release|Any CPU.Build.0 = Release|Any CPU
		{13E0547C-8556-49E2-AAB6-70C6856B942D}.Debug|Any CPU.ActiveCfg = Debug|Any CPU
		{13E0547C-8556-49E2-AAB6-70C6856B942D}.Debug|Any CPU.Build.0 = Debug|Any CPU
		{13E0547C-8556-49E2-AAB6-70C6856B942D}.Release|Any CPU.ActiveCfg = Release|Any CPU
		{13E0547C-8556-49E2-AAB6-70C6856B942D}.Release|Any CPU.Build.0 = Release|Any CPU
		{D8DF08FB-9602-4EC9-BB27-A9DB0673607B}.Debug|Any CPU.ActiveCfg = Debug|Any CPU
		{D8DF08FB-9602-4EC9-BB27-A9DB0673607B}.Debug|Any CPU.Build.0 = Debug|Any CPU
		{D8DF08FB-9602-4EC9-BB27-A9DB0673607B}.Release|Any CPU.ActiveCfg = Release|Any CPU
		{D8DF08FB-9602-4EC9-BB27-A9DB0673607B}.Release|Any CPU.Build.0 = Release|Any CPU
		{24D893E4-F062-4C63-BFAA-7C932130DE24}.Debug|Any CPU.ActiveCfg = Debug|Any CPU
		{24D893E4-F062-4C63-BFAA-7C932130DE24}.Debug|Any CPU.Build.0 = Debug|Any CPU
		{24D893E4-F062-4C63-BFAA-7C932130DE24}.Release|Any CPU.ActiveCfg = Release|Any CPU
		{24D893E4-F062-4C63-BFAA-7C932130DE24}.Release|Any CPU.Build.0 = Release|Any CPU
		{B02499A5-59EE-4E25-8B98-1D7DEF865ADE}.Debug|Any CPU.ActiveCfg = Debug|Any CPU
		{B02499A5-59EE-4E25-8B98-1D7DEF865ADE}.Debug|Any CPU.Build.0 = Debug|Any CPU
		{B02499A5-59EE-4E25-8B98-1D7DEF865ADE}.Release|Any CPU.ActiveCfg = Release|Any CPU
		{B02499A5-59EE-4E25-8B98-1D7DEF865ADE}.Release|Any CPU.Build.0 = Release|Any CPU
		{8562652C-73D2-4C1B-B4C2-54232F5386C4}.Debug|Any CPU.ActiveCfg = Debug|Any CPU
		{8562652C-73D2-4C1B-B4C2-54232F5386C4}.Debug|Any CPU.Build.0 = Debug|Any CPU
		{8562652C-73D2-4C1B-B4C2-54232F5386C4}.Release|Any CPU.ActiveCfg = Release|Any CPU
		{8562652C-73D2-4C1B-B4C2-54232F5386C4}.Release|Any CPU.Build.0 = Release|Any CPU
	EndGlobalSection
	GlobalSection(SolutionProperties) = preSolution
		HideSolutionNode = FALSE
	EndGlobalSection
	GlobalSection(ExtensibilityGlobals) = postSolution
		SolutionGuid = {64EA25E5-B839-4D75-8153-7B2F10BD1003}
	EndGlobalSection
EndGlobal
