
Microsoft Visual Studio Solution File, Format Version 12.00
# Visual Studio Version 16
VisualStudioVersion = 16.0.30611.23
MinimumVisualStudioVersion = 10.0.40219.1
Project("{9A19103F-16F7-4668-BE54-9A1E7A4F7556}") = "Bartender", "Bartender\Bartender.csproj", "{3948DC82-E586-4755-86CA-211E9F72DBB4}"
EndProject
Project("{9A19103F-16F7-4668-BE54-9A1E7A4F7556}") = "MicroRestaurantDTO", "..\MicroRestaurantDTO\MicroRestaurantDTO.csproj", "{180E3DF7-69D6-4227-8CE0-B0A514D8FF94}"
EndProject
Project("{9A19103F-16F7-4668-BE54-9A1E7A4F7556}") = "BusBoy", "BusBoy\BusBoy.csproj", "{A8402760-D026-40E7-9306-363D30F81EBC}"
EndProject
Project("{9A19103F-16F7-4668-BE54-9A1E7A4F7556}") = "Hostess", "Hostess\Hostess.csproj", "{9D46660A-E89A-4B0A-85D8-6641AB84EC3B}"
EndProject
Project("{9A19103F-16F7-4668-BE54-9A1E7A4F7556}") = "Kitchen", "Kitchen\Kitchen.csproj", "{AE6CF643-30CF-42A8-9181-E19C807D9046}"
EndProject
Project("{9A19103F-16F7-4668-BE54-9A1E7A4F7556}") = "Waiter", "Waiter\Waiter.csproj", "{6EFB7861-F0A7-48EB-910C-EDA1E84505C2}"
EndProject
Project("{E53339B2-1760-4266-BCC7-CA923CBCF16C}") = "docker-compose", "docker-compose.dcproj", "{7FAFAABD-ABAA-40D4-9800-37766474C5BF}"
EndProject
Project("{FAE04EC0-301F-11D3-BF4B-00C04F79EFBC}") = "MicroRestaurantMVC", "..\MicroRestaurantMVC\MicroRestaurantMVC.csproj", "{16E0ADE5-076A-4E84-958E-416DF7197C14}"
EndProject
Project("{9A19103F-16F7-4668-BE54-9A1E7A4F7556}") = "MicroRestaurantOld", "MicroRestaurant\MicroRestaurantOld.csproj", "{FB49D58F-E11A-4D72-B080-0955F3168219}"
EndProject
Global
	GlobalSection(SolutionConfigurationPlatforms) = preSolution
		Debug|Any CPU = Debug|Any CPU
		Release|Any CPU = Release|Any CPU
	EndGlobalSection
	GlobalSection(ProjectConfigurationPlatforms) = postSolution
		{3948DC82-E586-4755-86CA-211E9F72DBB4}.Debug|Any CPU.ActiveCfg = Debug|Any CPU
		{3948DC82-E586-4755-86CA-211E9F72DBB4}.Debug|Any CPU.Build.0 = Debug|Any CPU
		{3948DC82-E586-4755-86CA-211E9F72DBB4}.Release|Any CPU.ActiveCfg = Release|Any CPU
		{3948DC82-E586-4755-86CA-211E9F72DBB4}.Release|Any CPU.Build.0 = Release|Any CPU
		{180E3DF7-69D6-4227-8CE0-B0A514D8FF94}.Debug|Any CPU.ActiveCfg = Debug|Any CPU
		{180E3DF7-69D6-4227-8CE0-B0A514D8FF94}.Debug|Any CPU.Build.0 = Debug|Any CPU
		{180E3DF7-69D6-4227-8CE0-B0A514D8FF94}.Release|Any CPU.ActiveCfg = Release|Any CPU
		{180E3DF7-69D6-4227-8CE0-B0A514D8FF94}.Release|Any CPU.Build.0 = Release|Any CPU
		{A8402760-D026-40E7-9306-363D30F81EBC}.Debug|Any CPU.ActiveCfg = Debug|Any CPU
		{A8402760-D026-40E7-9306-363D30F81EBC}.Debug|Any CPU.Build.0 = Debug|Any CPU
		{A8402760-D026-40E7-9306-363D30F81EBC}.Release|Any CPU.ActiveCfg = Release|Any CPU
		{A8402760-D026-40E7-9306-363D30F81EBC}.Release|Any CPU.Build.0 = Release|Any CPU
		{9D46660A-E89A-4B0A-85D8-6641AB84EC3B}.Debug|Any CPU.ActiveCfg = Debug|Any CPU
		{9D46660A-E89A-4B0A-85D8-6641AB84EC3B}.Debug|Any CPU.Build.0 = Debug|Any CPU
		{9D46660A-E89A-4B0A-85D8-6641AB84EC3B}.Release|Any CPU.ActiveCfg = Release|Any CPU
		{9D46660A-E89A-4B0A-85D8-6641AB84EC3B}.Release|Any CPU.Build.0 = Release|Any CPU
		{AE6CF643-30CF-42A8-9181-E19C807D9046}.Debug|Any CPU.ActiveCfg = Debug|Any CPU
		{AE6CF643-30CF-42A8-9181-E19C807D9046}.Debug|Any CPU.Build.0 = Debug|Any CPU
		{AE6CF643-30CF-42A8-9181-E19C807D9046}.Release|Any CPU.ActiveCfg = Release|Any CPU
		{AE6CF643-30CF-42A8-9181-E19C807D9046}.Release|Any CPU.Build.0 = Release|Any CPU
		{6EFB7861-F0A7-48EB-910C-EDA1E84505C2}.Debug|Any CPU.ActiveCfg = Debug|Any CPU
		{6EFB7861-F0A7-48EB-910C-EDA1E84505C2}.Debug|Any CPU.Build.0 = Debug|Any CPU
		{6EFB7861-F0A7-48EB-910C-EDA1E84505C2}.Release|Any CPU.ActiveCfg = Release|Any CPU
		{6EFB7861-F0A7-48EB-910C-EDA1E84505C2}.Release|Any CPU.Build.0 = Release|Any CPU
		{7FAFAABD-ABAA-40D4-9800-37766474C5BF}.Debug|Any CPU.ActiveCfg = Debug|Any CPU
		{7FAFAABD-ABAA-40D4-9800-37766474C5BF}.Debug|Any CPU.Build.0 = Debug|Any CPU
		{7FAFAABD-ABAA-40D4-9800-37766474C5BF}.Release|Any CPU.ActiveCfg = Release|Any CPU
		{7FAFAABD-ABAA-40D4-9800-37766474C5BF}.Release|Any CPU.Build.0 = Release|Any CPU
		{16E0ADE5-076A-4E84-958E-416DF7197C14}.Debug|Any CPU.ActiveCfg = Debug|Any CPU
		{16E0ADE5-076A-4E84-958E-416DF7197C14}.Debug|Any CPU.Build.0 = Debug|Any CPU
		{16E0ADE5-076A-4E84-958E-416DF7197C14}.Release|Any CPU.ActiveCfg = Release|Any CPU
		{16E0ADE5-076A-4E84-958E-416DF7197C14}.Release|Any CPU.Build.0 = Release|Any CPU
		{FB49D58F-E11A-4D72-B080-0955F3168219}.Debug|Any CPU.ActiveCfg = Debug|Any CPU
		{FB49D58F-E11A-4D72-B080-0955F3168219}.Debug|Any CPU.Build.0 = Debug|Any CPU
		{FB49D58F-E11A-4D72-B080-0955F3168219}.Release|Any CPU.ActiveCfg = Release|Any CPU
		{FB49D58F-E11A-4D72-B080-0955F3168219}.Release|Any CPU.Build.0 = Release|Any CPU
	EndGlobalSection
	GlobalSection(SolutionProperties) = preSolution
		HideSolutionNode = FALSE
	EndGlobalSection
	GlobalSection(ExtensibilityGlobals) = postSolution
		SolutionGuid = {4A3CA587-CD51-4CDF-B63E-D7B2333790EB}
	EndGlobalSection
EndGlobal
