
Microsoft Visual Studio Solution File, Format Version 12.00
# Visual Studio Version 16
VisualStudioVersion = 16.0.30611.23
MinimumVisualStudioVersion = 10.0.40219.1
Project("{9A19103F-16F7-4668-BE54-9A1E7A4F7556}") = "MicroRestaurantDTO", "..\MicroRestaurantDTO\MicroRestaurantDTO.csproj", "{B3BEE413-DE50-4788-9767-1FE4B257568C}"
EndProject
Project("{E53339B2-1760-4266-BCC7-CA923CBCF16C}") = "docker-compose", "docker-compose.dcproj", "{BC3A5B25-DF6E-4BD7-AE29-3C6790121709}"
EndProject
Project("{2150E333-8FDC-42A3-9474-1A3956D46DE8}") = "Services", "Services", "{7C406F33-9D4B-4404-A849-1D5BCBFEC3DC}"
EndProject
Project("{9A19103F-16F7-4668-BE54-9A1E7A4F7556}") = "Bartender", "..\Services\Bartender\Bartender.csproj", "{8178481E-8245-43F7-B8D3-89149CB537AD}"
EndProject
Project("{9A19103F-16F7-4668-BE54-9A1E7A4F7556}") = "BusBoy", "..\Services\BusBoy\BusBoy.csproj", "{F6F855EF-8E47-45B1-8A3C-9739428E710D}"
EndProject
Project("{9A19103F-16F7-4668-BE54-9A1E7A4F7556}") = "Hostess", "..\Services\Hostess\Hostess.csproj", "{6CF0605B-C016-4011-9750-9807C773B8D3}"
EndProject
Project("{9A19103F-16F7-4668-BE54-9A1E7A4F7556}") = "Kitchen", "..\Services\Kitchen\Kitchen.csproj", "{87BC32F9-2F2F-4EBA-A830-EEF3CFEB5EE4}"
EndProject
Project("{9A19103F-16F7-4668-BE54-9A1E7A4F7556}") = "Waiter", "..\Services\Waiter\Waiter.csproj", "{1A03D159-D740-4DB7-A53A-F34E15EA720B}"
EndProject
Global
	GlobalSection(SolutionConfigurationPlatforms) = preSolution
		Debug|Any CPU = Debug|Any CPU
		Release|Any CPU = Release|Any CPU
	EndGlobalSection
	GlobalSection(ProjectConfigurationPlatforms) = postSolution
		{B3BEE413-DE50-4788-9767-1FE4B257568C}.Debug|Any CPU.ActiveCfg = Debug|Any CPU
		{B3BEE413-DE50-4788-9767-1FE4B257568C}.Debug|Any CPU.Build.0 = Debug|Any CPU
		{B3BEE413-DE50-4788-9767-1FE4B257568C}.Release|Any CPU.ActiveCfg = Release|Any CPU
		{B3BEE413-DE50-4788-9767-1FE4B257568C}.Release|Any CPU.Build.0 = Release|Any CPU
		{BC3A5B25-DF6E-4BD7-AE29-3C6790121709}.Debug|Any CPU.ActiveCfg = Debug|Any CPU
		{BC3A5B25-DF6E-4BD7-AE29-3C6790121709}.Debug|Any CPU.Build.0 = Debug|Any CPU
		{BC3A5B25-DF6E-4BD7-AE29-3C6790121709}.Release|Any CPU.ActiveCfg = Release|Any CPU
		{BC3A5B25-DF6E-4BD7-AE29-3C6790121709}.Release|Any CPU.Build.0 = Release|Any CPU
		{8178481E-8245-43F7-B8D3-89149CB537AD}.Debug|Any CPU.ActiveCfg = Debug|Any CPU
		{8178481E-8245-43F7-B8D3-89149CB537AD}.Debug|Any CPU.Build.0 = Debug|Any CPU
		{8178481E-8245-43F7-B8D3-89149CB537AD}.Release|Any CPU.ActiveCfg = Release|Any CPU
		{8178481E-8245-43F7-B8D3-89149CB537AD}.Release|Any CPU.Build.0 = Release|Any CPU
		{F6F855EF-8E47-45B1-8A3C-9739428E710D}.Debug|Any CPU.ActiveCfg = Debug|Any CPU
		{F6F855EF-8E47-45B1-8A3C-9739428E710D}.Debug|Any CPU.Build.0 = Debug|Any CPU
		{F6F855EF-8E47-45B1-8A3C-9739428E710D}.Release|Any CPU.ActiveCfg = Release|Any CPU
		{F6F855EF-8E47-45B1-8A3C-9739428E710D}.Release|Any CPU.Build.0 = Release|Any CPU
		{6CF0605B-C016-4011-9750-9807C773B8D3}.Debug|Any CPU.ActiveCfg = Debug|Any CPU
		{6CF0605B-C016-4011-9750-9807C773B8D3}.Debug|Any CPU.Build.0 = Debug|Any CPU
		{6CF0605B-C016-4011-9750-9807C773B8D3}.Release|Any CPU.ActiveCfg = Release|Any CPU
		{6CF0605B-C016-4011-9750-9807C773B8D3}.Release|Any CPU.Build.0 = Release|Any CPU
		{87BC32F9-2F2F-4EBA-A830-EEF3CFEB5EE4}.Debug|Any CPU.ActiveCfg = Debug|Any CPU
		{87BC32F9-2F2F-4EBA-A830-EEF3CFEB5EE4}.Debug|Any CPU.Build.0 = Debug|Any CPU
		{87BC32F9-2F2F-4EBA-A830-EEF3CFEB5EE4}.Release|Any CPU.ActiveCfg = Release|Any CPU
		{87BC32F9-2F2F-4EBA-A830-EEF3CFEB5EE4}.Release|Any CPU.Build.0 = Release|Any CPU
		{1A03D159-D740-4DB7-A53A-F34E15EA720B}.Debug|Any CPU.ActiveCfg = Debug|Any CPU
		{1A03D159-D740-4DB7-A53A-F34E15EA720B}.Debug|Any CPU.Build.0 = Debug|Any CPU
		{1A03D159-D740-4DB7-A53A-F34E15EA720B}.Release|Any CPU.ActiveCfg = Release|Any CPU
		{1A03D159-D740-4DB7-A53A-F34E15EA720B}.Release|Any CPU.Build.0 = Release|Any CPU
	EndGlobalSection
	GlobalSection(SolutionProperties) = preSolution
		HideSolutionNode = FALSE
	EndGlobalSection
	GlobalSection(NestedProjects) = preSolution
		{8178481E-8245-43F7-B8D3-89149CB537AD} = {7C406F33-9D4B-4404-A849-1D5BCBFEC3DC}
		{F6F855EF-8E47-45B1-8A3C-9739428E710D} = {7C406F33-9D4B-4404-A849-1D5BCBFEC3DC}
		{6CF0605B-C016-4011-9750-9807C773B8D3} = {7C406F33-9D4B-4404-A849-1D5BCBFEC3DC}
		{87BC32F9-2F2F-4EBA-A830-EEF3CFEB5EE4} = {7C406F33-9D4B-4404-A849-1D5BCBFEC3DC}
		{1A03D159-D740-4DB7-A53A-F34E15EA720B} = {7C406F33-9D4B-4404-A849-1D5BCBFEC3DC}
	EndGlobalSection
	GlobalSection(ExtensibilityGlobals) = postSolution
		SolutionGuid = {8670B1EC-BDC0-4553-8592-8D24B20721B4}
	EndGlobalSection
EndGlobal
